# THIS IS AN AUTOGENERATED FILE. DO NOT EDIT THIS FILE DIRECTLY.
# yarn lockfile v1


"@types/estree@0.0.39":
  version "0.0.39"
  resolved "https://registry.yarnpkg.com/@types/estree/-/estree-0.0.39.tgz#e177e699ee1b8c22d23174caaa7422644389509f"
  integrity sha512-EYNwp3bU+98cpU4lAWYYL7Zz+2gryWH1qbdDTidVd6hkiR6weksdbMadyXKXNPEkQFhXM+hVO9ZygomHXp+AIw==

"@types/node@*":
  version "10.12.21"
  resolved "https://registry.yarnpkg.com/@types/node/-/node-10.12.21.tgz#7e8a0c34cf29f4e17a36e9bd0ea72d45ba03908e"
  integrity sha512-CBgLNk4o3XMnqMc0rhb6lc77IwShMEglz05deDcn2lQxyXEZivfwgYJu7SMha9V5XcrP6qZuevTHV/QrN2vjKQ==

"@types/node@^12.0.8":
  version "12.0.8"
  resolved "https://registry.yarnpkg.com/@types/node/-/node-12.0.8.tgz#551466be11b2adc3f3d47156758f610bd9f6b1d8"
  integrity sha512-b8bbUOTwzIY3V5vDTY1fIJ+ePKDUBqt2hC2woVGotdQQhG/2Sh62HOKHrT7ab+VerXAcPyAiTEipPu/FsreUtg==

"@types/resolve@0.0.8":
  version "0.0.8"
  resolved "https://registry.yarnpkg.com/@types/resolve/-/resolve-0.0.8.tgz#f26074d238e02659e323ce1a13d041eee280e194"
  integrity sha512-auApPaJf3NPfe18hSoJkp8EbZzer2ISk7o8mCC3M9he/a04+gbMF97NkpD2S8riMGvm4BMRI59/SZQSaLTKpsQ==
  dependencies:
    "@types/node" "*"

acorn@^6.1.1:
  version "6.1.1"
  resolved "https://registry.yarnpkg.com/acorn/-/acorn-6.1.1.tgz#7d25ae05bb8ad1f9b699108e1094ecd7884adc1f"
  integrity sha512-jPTiwtOxaHNaAPg/dmrJ/beuzLRnXtB0kQPQ8JpotKJgTB6rX6c8mlf315941pyjBSaPg8NHXS9fhP4u17DpGA==

buffer-from@^1.0.0:
  version "1.1.1"
  resolved "https://registry.yarnpkg.com/buffer-from/-/buffer-from-1.1.1.tgz#32713bc028f75c02fdb710d7c7bcec1f2c6070ef"
  integrity sha512-MQcXEUbCKtEo7bhqEs6560Hyd4XaovZlO/k9V3hjVUF/zwW7KBVdSK4gIt/bzwS9MbR5qob+F5jusZsb0YQK2A==

builtin-modules@^3.1.0:
  version "3.1.0"
  resolved "https://registry.yarnpkg.com/builtin-modules/-/builtin-modules-3.1.0.tgz#aad97c15131eb76b65b50ef208e7584cd76a7484"
  integrity sha512-k0KL0aWZuBt2lrxrcASWDfwOLMnodeQjodT/1SxEQAXsHANgo6ZC/VEaSEHCXt7aSTZ4/4H5LKa+tBXmW7Vtvw==

commander@^2.19.0:
  version "2.20.0"
  resolved "https://registry.yarnpkg.com/commander/-/commander-2.20.0.tgz#d58bb2b5c1ee8f87b0d340027e9e94e222c5a422"
  integrity sha512-7j2y+40w61zy6YC2iRNpUe/NwhNyoXrYpHMrSunaMG64nRnaf96zO/KMQR4OyN/UnE5KLyEBnKHd4aG3rskjpQ==

"d3-array@^1.2.0 || 2":
  version "2.2.0"
  resolved "https://registry.yarnpkg.com/d3-array/-/d3-array-2.2.0.tgz#a9e966b8f8d78f0888d98db1fb840fc8da8ac5c7"
  integrity sha512-eE0QmSh6xToqM3sxHiJYg/QFdNn52ZEgmFE8A8abU8GsHvsIOolqH8B70/8+VGAKm5MlwaExhqR3DLIjOJMLPA==

d3-color@1:
  version "1.2.3"
  resolved "https://registry.yarnpkg.com/d3-color/-/d3-color-1.2.3.tgz#6c67bb2af6df3cc8d79efcc4d3a3e83e28c8048f"
  integrity sha512-x37qq3ChOTLd26hnps36lexMRhNXEtVxZ4B25rL0DVdDsGQIJGB18S7y9XDwlDD6MD/ZBzITCf4JjGMM10TZkw==

d3-format@1:
  version "1.3.2"
  resolved "https://registry.yarnpkg.com/d3-format/-/d3-format-1.3.2.tgz#6a96b5e31bcb98122a30863f7d92365c00603562"
  integrity sha512-Z18Dprj96ExragQ0DeGi+SYPQ7pPfRMtUXtsg/ChVIKNBCzjO8XYJvRTC1usblx52lqge56V5ect+frYTQc8WQ==

d3-interpolate@1:
  version "1.3.2"
  resolved "https://registry.yarnpkg.com/d3-interpolate/-/d3-interpolate-1.3.2.tgz#417d3ebdeb4bc4efcc8fd4361c55e4040211fd68"
  integrity sha512-NlNKGopqaz9qM1PXh9gBF1KSCVh+jSFErrSlD/4hybwoNX/gt1d8CDbDW+3i+5UOHhjC6s6nMvRxcuoMVNgL2w==
  dependencies:
    d3-color "1"

d3-path@1:
  version "1.0.7"
  resolved "https://registry.yarnpkg.com/d3-path/-/d3-path-1.0.7.tgz#8de7cd693a75ac0b5480d3abaccd94793e58aae8"
  integrity sha512-q0cW1RpvA5c5ma2rch62mX8AYaiLX0+bdaSM2wxSU9tXjU4DNvkx9qiUvjkuWCj3p22UO/hlPivujqMiR9PDzA==

d3-scale@^3.0.0:
  version "3.0.0"
  resolved "https://registry.yarnpkg.com/d3-scale/-/d3-scale-3.0.0.tgz#ddede1278ac3ea2bf3666de6ca625e20bed9b6c9"
  integrity sha512-ktic5HBFlAZj2CN8CCl/p/JyY8bMQluN7+fA6ICE6yyoMOnSQAZ1Bb8/5LcNpNKMBMJge+5Vv4pWJhARYlQYFw==
  dependencies:
    d3-array "^1.2.0 || 2"
    d3-format "1"
    d3-interpolate "1"
    d3-time "1"
    d3-time-format "2"

d3-shape@^1.3.5:
  version "1.3.5"
  resolved "https://registry.yarnpkg.com/d3-shape/-/d3-shape-1.3.5.tgz#e81aea5940f59f0a79cfccac012232a8987c6033"
  integrity sha512-VKazVR3phgD+MUCldapHD7P9kcrvPcexeX/PkMJmkUov4JM8IxsSg1DvbYoYich9AtdTsa5nNk2++ImPiDiSxg==
  dependencies:
    d3-path "1"

d3-time-format@2:
  version "2.1.3"
  resolved "https://registry.yarnpkg.com/d3-time-format/-/d3-time-format-2.1.3.tgz#ae06f8e0126a9d60d6364eac5b1533ae1bac826b"
  integrity sha512-6k0a2rZryzGm5Ihx+aFMuO1GgelgIz+7HhB4PH4OEndD5q2zGn1mDfRdNrulspOfR6JXkb2sThhDK41CSK85QA==
  dependencies:
    d3-time "1"

d3-time@1:
  version "1.0.10"
  resolved "https://registry.yarnpkg.com/d3-time/-/d3-time-1.0.10.tgz#8259dd71288d72eeacfd8de281c4bf5c7393053c"
  integrity sha512-hF+NTLCaJHF/JqHN5hE8HVGAXPStEq6/omumPE/SxyHVrR7/qQxusFDo0t0c/44+sCGHthC7yNGFZIEgju0P8g==

estree-walker@^0.6.0, estree-walker@^0.6.1:
  version "0.6.1"
  resolved "https://registry.yarnpkg.com/estree-walker/-/estree-walker-0.6.1.tgz#53049143f40c6eb918b23671d1fe3219f3a1b362"
  integrity sha512-SqmZANLWS0mnatqbSfRP5g8OXZC12Fgg1IwNtLsyHDzJizORW4khDfjPqJZsemPWBB2uqykUah5YpQ6epsqC/w==

is-module@^1.0.0:
  version "1.0.0"
  resolved "https://registry.yarnpkg.com/is-module/-/is-module-1.0.0.tgz#3258fb69f78c14d5b815d664336b4cffb6441591"
  integrity sha1-Mlj7afeMFNW4FdZkM2tM/7ZEFZE=

is-reference@^1.1.2:
  version "1.1.2"
  resolved "https://registry.yarnpkg.com/is-reference/-/is-reference-1.1.2.tgz#01cf91517d21db66a34642287ed6e70d53dcbe5c"
  integrity sha512-Kn5g8c7XHKejFOpTf2QN9YjiHHKl5xRj+2uAZf9iM2//nkBNi/NNeB5JMoun28nEaUVHyPUzqzhfRlfAirEjXg==
  dependencies:
    "@types/estree" "0.0.39"

magic-string@^0.25.2:
  version "0.25.2"
  resolved "https://registry.yarnpkg.com/magic-string/-/magic-string-0.25.2.tgz#139c3a729515ec55e96e69e82a11fe890a293ad9"
  integrity sha512-iLs9mPjh9IuTtRsqqhNGYcZXGei0Nh/A4xirrsqW7c+QhKVFL2vm7U09ru6cHRD22azaP/wMDgI+HCqbETMTtg==
  dependencies:
    sourcemap-codec "^1.4.4"

path-parse@^1.0.6:
  version "1.0.6"
  resolved "https://registry.yarnpkg.com/path-parse/-/path-parse-1.0.6.tgz#d62dbb5679405d72c4737ec58600e9ddcf06d24c"
  integrity sha512-GSmOT2EbHrINBf9SR7CDELwlJ8AENk3Qn7OikK4nFYAu3Ote2+JYNVvkpAEQm3/TLNEJFD/xZJjzyxg3KBWOzw==

resolve@^1.10.1, resolve@^1.11.0:
  version "1.11.0"
  resolved "https://registry.yarnpkg.com/resolve/-/resolve-1.11.0.tgz#4014870ba296176b86343d50b60f3b50609ce232"
  integrity sha512-WL2pBDjqT6pGUNSUzMw00o4T7If+z4H2x3Gz893WoUQ5KW8Vr9txp00ykiP16VBaZF5+j/OcXJHZ9+PCvdiDKw==
  dependencies:
    path-parse "^1.0.6"

rollup-plugin-commonjs@^10.0.0:
  version "10.0.0"
  resolved "https://registry.yarnpkg.com/rollup-plugin-commonjs/-/rollup-plugin-commonjs-10.0.0.tgz#58901ebe7ca44c2a03f0056de9bf9eb4a2dc8990"
  integrity sha512-B8MoX5GRpj3kW4+YaFO/di2JsZkBxNjVmZ9LWjUoTAjq8N9wc7HObMXPsrvolVV9JXVtYSscflXM14A19dXPNQ==
  dependencies:
    estree-walker "^0.6.0"
    is-reference "^1.1.2"
    magic-string "^0.25.2"
    resolve "^1.10.1"
    rollup-pluginutils "^2.7.0"

rollup-plugin-node-resolve@^5.0.1:
  version "5.0.1"
  resolved "https://registry.yarnpkg.com/rollup-plugin-node-resolve/-/rollup-plugin-node-resolve-5.0.1.tgz#4619eafdf2ecb4e8ed24177ba47d7f11f027d38b"
  integrity sha512-9s3dTu44SKQZM/Pwll42GpqXgT+WdvO0Ga01lF8cwZqJGqRUATtD+GrP3uIzZdpnbPonEJbVasfFt80VGPQqKw==
  dependencies:
    "@types/resolve" "0.0.8"
    builtin-modules "^3.1.0"
    is-module "^1.0.0"
    resolve "^1.11.0"
    rollup-pluginutils "^2.8.0"

rollup-pluginutils@^2.7.0, rollup-pluginutils@^2.8.0:
  version "2.8.1"
  resolved "https://registry.yarnpkg.com/rollup-pluginutils/-/rollup-pluginutils-2.8.1.tgz#8fa6dd0697344938ef26c2c09d2488ce9e33ce97"
  integrity sha512-J5oAoysWar6GuZo0s+3bZ6sVZAC0pfqKz68De7ZgDi5z63jOVZn1uJL/+z1jeKHNbGII8kAyHF5q8LnxSX5lQg==
  dependencies:
    estree-walker "^0.6.1"

rollup@^1.15.2:
  version "1.15.2"
  resolved "https://registry.yarnpkg.com/rollup/-/rollup-1.15.2.tgz#676feb0e73c8f99f75e0078b331a576c56354df6"
  integrity sha512-NsH0Mjqk/RtlhSIJopNUiCYi3r3zudHxg9Cj6Or96QnJw/suab0/PjL50/GRNE5omvXEG2F9K4a334ddvA1Txg==
  dependencies:
    "@types/estree" "0.0.39"
    "@types/node" "^12.0.8"
    acorn "^6.1.1"

source-map-support@~0.5.10:
  version "0.5.12"
  resolved "https://registry.yarnpkg.com/source-map-support/-/source-map-support-0.5.12.tgz#b4f3b10d51857a5af0138d3ce8003b201613d599"
  integrity sha512-4h2Pbvyy15EE02G+JOZpUCmqWJuqrs+sEkzewTm++BPi7Hvn/HwcqLAcNxYAyI0x13CpPPn+kMjl+hplXMHITQ==
  dependencies:
    buffer-from "^1.0.0"
    source-map "^0.6.0"

source-map@^0.6.0, source-map@~0.6.1:
  version "0.6.1"
  resolved "https://registry.yarnpkg.com/source-map/-/source-map-0.6.1.tgz#74722af32e9614e9c287a8d0bbde48b5e2f1a263"
  integrity sha512-UjgapumWlbMhkBgzT7Ykc5YXUT46F0iKu8SGXq0bcwP5dz/h0Plj6enJqjz1Zbq2l5WaqYnrVbwWOWMyF3F47g==

sourcemap-codec@^1.4.4:
  version "1.4.4"
  resolved "https://registry.yarnpkg.com/sourcemap-codec/-/sourcemap-codec-1.4.4.tgz#c63ea927c029dd6bd9a2b7fa03b3fec02ad56e9f"
  integrity sha512-CYAPYdBu34781kLHkaW3m6b/uUSyMOC2R61gcYMWooeuaGtjof86ZA/8T+qVPPt7np1085CR9hmMGrySwEc8Xg==

terser@^4.0.0:
  version "4.0.0"
  resolved "https://registry.yarnpkg.com/terser/-/terser-4.0.0.tgz#ef356f6f359a963e2cc675517f21c1c382877374"
  integrity sha512-dOapGTU0hETFl1tCo4t56FN+2jffoKyER9qBGoUFyZ6y7WLoKT0bF+lAYi6B6YsILcGF3q1C2FBh8QcKSCgkgA==
  dependencies:
    commander "^2.19.0"
    source-map "~0.6.1"
    source-map-support "~0.5.10"
